
Microsoft Visual Studio Solution File, Format Version 12.00
# Visual Studio Version 17
VisualStudioVersion = 17.14.36414.22 d17.14
MinimumVisualStudioVersion = 10.0.40219.1
Project("{FAE04EC0-301F-11D3-BF4B-00C04F79EFBC}") = "rpm7", "rpm7\rpm7.csproj", "{81509126-2A66-40B9-8A40-8DC2F3595F10}"
EndProject
Global
	GlobalSection(SolutionConfigurationPlatforms) = preSolution
		Debug|Any CPU = Debug|Any CPU
		Release|Any CPU = Release|Any CPU
	EndGlobalSection
	GlobalSection(ProjectConfigurationPlatforms) = postSolution
		{81509126-2A66-40B9-8A40-8DC2F3595F10}.Debug|Any CPU.ActiveCfg = Debug|Any CPU
		{81509126-2A66-40B9-8A40-8DC2F3595F10}.Debug|Any CPU.Build.0 = Debug|Any CPU
		{81509126-2A66-40B9-8A40-8DC2F3595F10}.Release|Any CPU.ActiveCfg = Release|Any CPU
		{81509126-2A66-40B9-8A40-8DC2F3595F10}.Release|Any CPU.Build.0 = Release|Any CPU
	EndGlobalSection
	GlobalSection(SolutionProperties) = preSolution
		HideSolutionNode = FALSE
	EndGlobalSection
	GlobalSection(ExtensibilityGlobals) = postSolution
		SolutionGuid = {5BAFC869-4853-461C-90E5-DEBDE08D25C3}
	EndGlobalSection
EndGlobal
